{
  "name": "dwang-in-de-zorg",
  "version": "0.0.1",
  "lockfileVersion": 1,
  "requires": true,
  "dependencies": {
    "m": {
      "version": "1.7.0",
      "resolved": "https://registry.npmjs.org/m/-/m-1.7.0.tgz",
      "integrity": "sha512-djssLXTA9SXVMXipEOhHp8AQ4Y7ws10+YEUPtVSuqjmKWTHgU63GfN4C5Yram8tDKy6LkPJL8ILW3rwuDUu+qA=="
    },
    "pnpm": {
      "version": "6.15.1",
      "resolved": "https://registry.npmjs.org/pnpm/-/pnpm-6.15.1.tgz",
      "integrity": "sha512-hYGK8xlLdMj/sFhOLJ+x8IotsOkBp01c2mdWdLeKlUdA6EOl/RNWRp+7dUWs3Si2E1zgdTiHsEgNGYffv0PyLQ==",
      "dev": true
    }
  }
}
